{
  "name": "pwa-test",
  "version": "1.0.0",
  "lockfileVersion": 1,
  "requires": true,
  "dependencies": {
    "workbox-sw": {
      "version": "3.3.0",
      "resolved": "https://registry.npmjs.org/workbox-sw/-/workbox-sw-3.3.0.tgz",
      "integrity": "sha512-+8H4WAZp8cy1vyPLm8TvRB6g5p8dpMVWWbri0XYEE6vXV8sM663SFSD+cHeU12/gHaZSa8lza77hz1nYzyaD3Q=="
    }
  }
}
